
Microsoft Visual Studio Solution File, Format Version 12.00
# Visual Studio Version 17
VisualStudioVersion = 17.4.33122.133
MinimumVisualStudioVersion = 10.0.40219.1
Project("{FAE04EC0-301F-11D3-BF4B-00C04F79EFBC}") = "PassionSwap", "PassionSwap\PassionSwap.csproj", "{AB688315-482E-4631-ADC1-C86B077E2D3C}"
EndProject
Global
	GlobalSection(SolutionConfigurationPlatforms) = preSolution
		Debug|Any CPU = Debug|Any CPU
		Release|Any CPU = Release|Any CPU
	EndGlobalSection
	GlobalSection(ProjectConfigurationPlatforms) = postSolution
		{AB688315-482E-4631-ADC1-C86B077E2D3C}.Debug|Any CPU.ActiveCfg = Debug|Any CPU
		{AB688315-482E-4631-ADC1-C86B077E2D3C}.Debug|Any CPU.Build.0 = Debug|Any CPU
		{AB688315-482E-4631-ADC1-C86B077E2D3C}.Release|Any CPU.ActiveCfg = Release|Any CPU
		{AB688315-482E-4631-ADC1-C86B077E2D3C}.Release|Any CPU.Build.0 = Release|Any CPU
	EndGlobalSection
	GlobalSection(SolutionProperties) = preSolution
		HideSolutionNode = FALSE
	EndGlobalSection
	GlobalSection(ExtensibilityGlobals) = postSolution
		SolutionGuid = {A996E0FB-94CD-46C5-A460-D0FA275C1612}
	EndGlobalSection
EndGlobal
